
Microsoft Visual Studio Solution File, Format Version 12.00
# Visual Studio Version 17
VisualStudioVersion = 17.3.32825.248
MinimumVisualStudioVersion = 10.0.40219.1
Project("{FAE04EC0-301F-11D3-BF4B-00C04F79EFBC}") = "DyinamicLayout", "DyinamicLayout\DyinamicLayout.csproj", "{14EF8932-7AF0-420E-80A5-844FFABF19DC}"
EndProject
Global
	GlobalSection(SolutionConfigurationPlatforms) = preSolution
		Debug|Any CPU = Debug|Any CPU
		Release|Any CPU = Release|Any CPU
	EndGlobalSection
	GlobalSection(ProjectConfigurationPlatforms) = postSolution
		{14EF8932-7AF0-420E-80A5-844FFABF19DC}.Debug|Any CPU.ActiveCfg = Debug|Any CPU
		{14EF8932-7AF0-420E-80A5-844FFABF19DC}.Debug|Any CPU.Build.0 = Debug|Any CPU
		{14EF8932-7AF0-420E-80A5-844FFABF19DC}.Release|Any CPU.ActiveCfg = Release|Any CPU
		{14EF8932-7AF0-420E-80A5-844FFABF19DC}.Release|Any CPU.Build.0 = Release|Any CPU
	EndGlobalSection
	GlobalSection(SolutionProperties) = preSolution
		HideSolutionNode = FALSE
	EndGlobalSection
	GlobalSection(ExtensibilityGlobals) = postSolution
		SolutionGuid = {B557AE53-D713-4227-8886-3D946E683A15}
	EndGlobalSection
EndGlobal
